
Microsoft Visual Studio Solution File, Format Version 12.00
# Visual Studio 14
VisualStudioVersion = 14.0.24720.0
MinimumVisualStudioVersion = 10.0.40219.1
Project("{2150E333-8FDC-42A3-9474-1A3956D46DE8}") = "01.fm-dlls", "01.fm-dlls", "{8B555385-FEB0-4C62-A65D-3AC82DAFDD63}"
EndProject
Project("{2150E333-8FDC-42A3-9474-1A3956D46DE8}") = "10.ServerAll", "10.ServerAll", "{42CAF47A-75AF-46C2-8AAE-C1FAD5796A6F}"
EndProject
Project("{FAE04EC0-301F-11D3-BF4B-00C04F79EFBC}") = "appAuthServer", "ServerAll\appAuthServer\appAuthServer.csproj", "{529CA7B7-4DE3-4226-8462-AE353088B1B4}"
EndProject
Project("{FAE04EC0-301F-11D3-BF4B-00C04F79EFBC}") = "appCenterServer", "ServerAll\appCenterServer\appCenterServer.csproj", "{9F272F41-A8FC-4671-8435-6611951CD585}"
EndProject
Project("{FAE04EC0-301F-11D3-BF4B-00C04F79EFBC}") = "appChatServer", "ServerAll\appChatServer\appChatServer.csproj", "{A5794891-4A49-4C66-9668-07403263D007}"
EndProject
Project("{FAE04EC0-301F-11D3-BF4B-00C04F79EFBC}") = "appGameServer", "ServerAll\appGameServer\appGameServer.csproj", "{94267FBC-0722-4FD4-B929-049BE14AE1DF}"
EndProject
Project("{FAE04EC0-301F-11D3-BF4B-00C04F79EFBC}") = "fmCommon", "..\fm-dlls\fmCommon\fmCommon.csproj", "{3C2DB9CD-6312-4F18-AF5D-A185E27EDEE0}"
EndProject
Project("{FAE04EC0-301F-11D3-BF4B-00C04F79EFBC}") = "fmLibrary", "..\fm-dlls\fmLibrary\fmLibrary.csproj", "{C77CCC92-9A93-450F-97E3-531CA53E8E47}"
EndProject
Project("{FAE04EC0-301F-11D3-BF4B-00C04F79EFBC}") = "fmServerCommon", "..\fm-dlls\fmServerCommon\fmServerCommon.csproj", "{B45B4314-E71B-47EE-A235-072CA0D28696}"
EndProject
Global
	GlobalSection(SolutionConfigurationPlatforms) = preSolution
		Debug|Any CPU = Debug|Any CPU
		Debug|x64 = Debug|x64
		Release|Any CPU = Release|Any CPU
		Release|x64 = Release|x64
	EndGlobalSection
	GlobalSection(ProjectConfigurationPlatforms) = postSolution
		{529CA7B7-4DE3-4226-8462-AE353088B1B4}.Debug|Any CPU.ActiveCfg = Debug|Any CPU
		{529CA7B7-4DE3-4226-8462-AE353088B1B4}.Debug|Any CPU.Build.0 = Debug|Any CPU
		{529CA7B7-4DE3-4226-8462-AE353088B1B4}.Debug|x64.ActiveCfg = Debug|Any CPU
		{529CA7B7-4DE3-4226-8462-AE353088B1B4}.Debug|x64.Build.0 = Debug|Any CPU
		{529CA7B7-4DE3-4226-8462-AE353088B1B4}.Release|Any CPU.ActiveCfg = Release|Any CPU
		{529CA7B7-4DE3-4226-8462-AE353088B1B4}.Release|Any CPU.Build.0 = Release|Any CPU
		{529CA7B7-4DE3-4226-8462-AE353088B1B4}.Release|x64.ActiveCfg = Release|Any CPU
		{529CA7B7-4DE3-4226-8462-AE353088B1B4}.Release|x64.Build.0 = Release|Any CPU
		{9F272F41-A8FC-4671-8435-6611951CD585}.Debug|Any CPU.ActiveCfg = Debug|Any CPU
		{9F272F41-A8FC-4671-8435-6611951CD585}.Debug|Any CPU.Build.0 = Debug|Any CPU
		{9F272F41-A8FC-4671-8435-6611951CD585}.Debug|x64.ActiveCfg = Debug|Any CPU
		{9F272F41-A8FC-4671-8435-6611951CD585}.Debug|x64.Build.0 = Debug|Any CPU
		{9F272F41-A8FC-4671-8435-6611951CD585}.Release|Any CPU.ActiveCfg = Release|Any CPU
		{9F272F41-A8FC-4671-8435-6611951CD585}.Release|Any CPU.Build.0 = Release|Any CPU
		{9F272F41-A8FC-4671-8435-6611951CD585}.Release|x64.ActiveCfg = Release|Any CPU
		{9F272F41-A8FC-4671-8435-6611951CD585}.Release|x64.Build.0 = Release|Any CPU
		{A5794891-4A49-4C66-9668-07403263D007}.Debug|Any CPU.ActiveCfg = Debug|Any CPU
		{A5794891-4A49-4C66-9668-07403263D007}.Debug|Any CPU.Build.0 = Debug|Any CPU
		{A5794891-4A49-4C66-9668-07403263D007}.Debug|x64.ActiveCfg = Debug|Any CPU
		{A5794891-4A49-4C66-9668-07403263D007}.Debug|x64.Build.0 = Debug|Any CPU
		{A5794891-4A49-4C66-9668-07403263D007}.Release|Any CPU.ActiveCfg = Release|Any CPU
		{A5794891-4A49-4C66-9668-07403263D007}.Release|Any CPU.Build.0 = Release|Any CPU
		{A5794891-4A49-4C66-9668-07403263D007}.Release|x64.ActiveCfg = Release|Any CPU
		{A5794891-4A49-4C66-9668-07403263D007}.Release|x64.Build.0 = Release|Any CPU
		{94267FBC-0722-4FD4-B929-049BE14AE1DF}.Debug|Any CPU.ActiveCfg = Debug|Any CPU
		{94267FBC-0722-4FD4-B929-049BE14AE1DF}.Debug|Any CPU.Build.0 = Debug|Any CPU
		{94267FBC-0722-4FD4-B929-049BE14AE1DF}.Debug|x64.ActiveCfg = Debug|Any CPU
		{94267FBC-0722-4FD4-B929-049BE14AE1DF}.Debug|x64.Build.0 = Debug|Any CPU
		{94267FBC-0722-4FD4-B929-049BE14AE1DF}.Release|Any CPU.ActiveCfg = Release|Any CPU
		{94267FBC-0722-4FD4-B929-049BE14AE1DF}.Release|Any CPU.Build.0 = Release|Any CPU
		{94267FBC-0722-4FD4-B929-049BE14AE1DF}.Release|x64.ActiveCfg = Release|Any CPU
		{94267FBC-0722-4FD4-B929-049BE14AE1DF}.Release|x64.Build.0 = Release|Any CPU
		{3C2DB9CD-6312-4F18-AF5D-A185E27EDEE0}.Debug|Any CPU.ActiveCfg = Debug|Any CPU
		{3C2DB9CD-6312-4F18-AF5D-A185E27EDEE0}.Debug|Any CPU.Build.0 = Debug|Any CPU
		{3C2DB9CD-6312-4F18-AF5D-A185E27EDEE0}.Debug|x64.ActiveCfg = Debug|Any CPU
		{3C2DB9CD-6312-4F18-AF5D-A185E27EDEE0}.Debug|x64.Build.0 = Debug|Any CPU
		{3C2DB9CD-6312-4F18-AF5D-A185E27EDEE0}.Release|Any CPU.ActiveCfg = Release|Any CPU
		{3C2DB9CD-6312-4F18-AF5D-A185E27EDEE0}.Release|Any CPU.Build.0 = Release|Any CPU
		{3C2DB9CD-6312-4F18-AF5D-A185E27EDEE0}.Release|x64.ActiveCfg = Release|Any CPU
		{3C2DB9CD-6312-4F18-AF5D-A185E27EDEE0}.Release|x64.Build.0 = Release|Any CPU
		{C77CCC92-9A93-450F-97E3-531CA53E8E47}.Debug|Any CPU.ActiveCfg = Debug|Any CPU
		{C77CCC92-9A93-450F-97E3-531CA53E8E47}.Debug|Any CPU.Build.0 = Debug|Any CPU
		{C77CCC92-9A93-450F-97E3-531CA53E8E47}.Debug|x64.ActiveCfg = Debug|Any CPU
		{C77CCC92-9A93-450F-97E3-531CA53E8E47}.Debug|x64.Build.0 = Debug|Any CPU
		{C77CCC92-9A93-450F-97E3-531CA53E8E47}.Release|Any CPU.ActiveCfg = Release|Any CPU
		{C77CCC92-9A93-450F-97E3-531CA53E8E47}.Release|Any CPU.Build.0 = Release|Any CPU
		{C77CCC92-9A93-450F-97E3-531CA53E8E47}.Release|x64.ActiveCfg = Release|Any CPU
		{C77CCC92-9A93-450F-97E3-531CA53E8E47}.Release|x64.Build.0 = Release|Any CPU
		{B45B4314-E71B-47EE-A235-072CA0D28696}.Debug|Any CPU.ActiveCfg = Debug|Any CPU
		{B45B4314-E71B-47EE-A235-072CA0D28696}.Debug|Any CPU.Build.0 = Debug|Any CPU
		{B45B4314-E71B-47EE-A235-072CA0D28696}.Debug|x64.ActiveCfg = Debug|Any CPU
		{B45B4314-E71B-47EE-A235-072CA0D28696}.Debug|x64.Build.0 = Debug|Any CPU
		{B45B4314-E71B-47EE-A235-072CA0D28696}.Release|Any CPU.ActiveCfg = Release|Any CPU
		{B45B4314-E71B-47EE-A235-072CA0D28696}.Release|Any CPU.Build.0 = Release|Any CPU
		{B45B4314-E71B-47EE-A235-072CA0D28696}.Release|x64.ActiveCfg = Release|Any CPU
		{B45B4314-E71B-47EE-A235-072CA0D28696}.Release|x64.Build.0 = Release|Any CPU
	EndGlobalSection
	GlobalSection(SolutionProperties) = preSolution
		HideSolutionNode = FALSE
	EndGlobalSection
	GlobalSection(NestedProjects) = preSolution
		{529CA7B7-4DE3-4226-8462-AE353088B1B4} = {42CAF47A-75AF-46C2-8AAE-C1FAD5796A6F}
		{9F272F41-A8FC-4671-8435-6611951CD585} = {42CAF47A-75AF-46C2-8AAE-C1FAD5796A6F}
		{A5794891-4A49-4C66-9668-07403263D007} = {42CAF47A-75AF-46C2-8AAE-C1FAD5796A6F}
		{94267FBC-0722-4FD4-B929-049BE14AE1DF} = {42CAF47A-75AF-46C2-8AAE-C1FAD5796A6F}
		{3C2DB9CD-6312-4F18-AF5D-A185E27EDEE0} = {8B555385-FEB0-4C62-A65D-3AC82DAFDD63}
		{C77CCC92-9A93-450F-97E3-531CA53E8E47} = {8B555385-FEB0-4C62-A65D-3AC82DAFDD63}
		{B45B4314-E71B-47EE-A235-072CA0D28696} = {8B555385-FEB0-4C62-A65D-3AC82DAFDD63}
	EndGlobalSection
	GlobalSection(ExtensibilityGlobals) = postSolution
		SolutionGuid = {C8E0C7AE-8BF6-448E-8CA5-AA5BB3D04079}
	EndGlobalSection
EndGlobal
